
Microsoft Visual Studio Solution File, Format Version 12.00
# Visual Studio Version 17
VisualStudioVersion = 17.11.35327.3
MinimumVisualStudioVersion = 10.0.40219.1
Project("{FAE04EC0-301F-11D3-BF4B-00C04F79EFBC}") = "ProjetoComputacaoGrafica", "ProjetoComputacaoGrafica\ProjetoComputacaoGrafica.csproj", "{103B7935-E783-4DC3-9EAB-1A5C0DE955D5}"
EndProject
Global
	GlobalSection(SolutionConfigurationPlatforms) = preSolution
		Debug|Any CPU = Debug|Any CPU
		Release|Any CPU = Release|Any CPU
	EndGlobalSection
	GlobalSection(ProjectConfigurationPlatforms) = postSolution
		{103B7935-E783-4DC3-9EAB-1A5C0DE955D5}.Debug|Any CPU.ActiveCfg = Debug|Any CPU
		{103B7935-E783-4DC3-9EAB-1A5C0DE955D5}.Debug|Any CPU.Build.0 = Debug|Any CPU
		{103B7935-E783-4DC3-9EAB-1A5C0DE955D5}.Release|Any CPU.ActiveCfg = Release|Any CPU
		{103B7935-E783-4DC3-9EAB-1A5C0DE955D5}.Release|Any CPU.Build.0 = Release|Any CPU
	EndGlobalSection
	GlobalSection(SolutionProperties) = preSolution
		HideSolutionNode = FALSE
	EndGlobalSection
	GlobalSection(ExtensibilityGlobals) = postSolution
		SolutionGuid = {EDBB835C-B796-478B-9FBB-7EF39F573E8D}
	EndGlobalSection
EndGlobal
